// !$*UTF8*$!
{
 archiveVersion = 1;
 classes = {
 };
 objectVersion = 56;
 objects = {

/* Begin PBXBuildFile section */
    B10000000000000000000001 = {isa = PBXBuildFile; fileRef = B10000000000000000000011; };
    B10000000000000000000002 = {isa = PBXBuildFile; fileRef = B10000000000000000000013; };
    B10000000000000000000003 = {isa = PBXBuildFile; fileRef = B10000000000000000000014; };
    B10000000000000000000004 = {isa = PBXBuildFile; fileRef = B10000000000000000000015; };
    B10000000000000000000005 = {isa = PBXBuildFile; fileRef = B10000000000000000000016; };
    B10000000000000000000006 = {isa = PBXBuildFile; fileRef = B10000000000000000000017; };
    B10000000000000000000007 = {isa = PBXBuildFile; fileRef = B10000000000000000000018; };
    B10000000000000000000008 = {isa = PBXBuildFile; fileRef = B10000000000000000000019; };
    B10000000000000000000009 = {isa = PBXBuildFile; fileRef = B1000000000000000000001A; };
/* End PBXBuildFile section */

/* Begin PBXFileReference section */
    B10000000000000000000010 = {isa = PBXFileReference; explicitFileType = wrapper.application; includeInIndex = 0; path = SecondScreenMacHost.app; sourceTree = BUILT_PRODUCTS_DIR; };
    B10000000000000000000011 = {isa = PBXFileReference; lastKnownFileType = sourcecode.swift; path = SecondScreenMacHostApp.swift; sourceTree = "<group>"; };
    B10000000000000000000012 = {isa = PBXFileReference; lastKnownFileType = text.plist.xml; path = Info.plist; sourceTree = "<group>"; };
    B10000000000000000000013 = {isa = PBXFileReference; lastKnownFileType = sourcecode.cpp.objcpp; path = LegacyCapture.mm; sourceTree = "<group>"; };
    B10000000000000000000014 = {isa = PBXFileReference; lastKnownFileType = sourcecode.c.h; path = LegacyCapture.h; sourceTree = "<group>"; };
    B10000000000000000000015 = {isa = PBXFileReference; lastKnownFileType = sourcecode.cpp.objcpp; path = VideoToolboxEncoder.mm; sourceTree = "<group>"; };
    B10000000000000000000016 = {isa = PBXFileReference; lastKnownFileType = sourcecode.c.h; path = VideoToolboxEncoder.h; sourceTree = "<group>"; };
    B10000000000000000000017 = {isa = PBXFileReference; lastKnownFileType = wrapper.framework; name = VideoToolbox.framework; path = System/Library/Frameworks/VideoToolbox.framework; sourceTree = SDKROOT; };
    B10000000000000000000018 = {isa = PBXFileReference; lastKnownFileType = wrapper.framework; name = CoreMedia.framework; path = System/Library/Frameworks/CoreMedia.framework; sourceTree = SDKROOT; };
    B10000000000000000000019 = {isa = PBXFileReference; lastKnownFileType = wrapper.framework; name = CoreGraphics.framework; path = System/Library/Frameworks/CoreGraphics.framework; sourceTree = SDKROOT; };
    B1000000000000000000001A = {isa = PBXFileReference; lastKnownFileType = sourcecode.cpp.objcpp; path = MacTestStreamBridge.mm; sourceTree = "<group>"; };
    B1000000000000000000001B = {isa = PBXFileReference; lastKnownFileType = sourcecode.c.h; path = MacTestStreamBridge.h; sourceTree = "<group>"; };
    B1000000000000000000001C = {isa = PBXFileReference; lastKnownFileType = sourcecode.c.h; path = SecondScreenMacHost-Bridging-Header.h; sourceTree = "<group>"; };
    B1000000000000000000001D = {isa = PBXFileReference; lastKnownFileType = wrapper.framework; name = CoreVideo.framework; path = System/Library/Frameworks/CoreVideo.framework; sourceTree = SDKROOT; };
    B1000000000000000000001E = {isa = PBXFileReference; lastKnownFileType = wrapper.framework; name = IOSurface.framework; path = System/Library/Frameworks/IOSurface.framework; sourceTree = SDKROOT; };
/* End PBXFileReference section */

/* Begin PBXFrameworksBuildPhase section */
    B10000000000000000000020 = {isa = PBXFrameworksBuildPhase; buildActionMask = 2147483647; files = (B10000000000000000000006, B10000000000000000000007, B10000000000000000000008, B1000000000000000000001D, B1000000000000000000001E,); runOnlyForDeploymentPostprocessing = 0; };
/* End PBXFrameworksBuildPhase section */

/* Begin PBXGroup section */
    B10000000000000000000030 = {isa = PBXGroup; children = (B10000000000000000000031, B10000000000000000000032, B10000000000000000000033,); sourceTree = "<group>"; };
    B10000000000000000000031 = {isa = PBXGroup; children = (B10000000000000000000011, B10000000000000000000012, B10000000000000000000013, B10000000000000000000014, B10000000000000000000015, B10000000000000000000016, B1000000000000000000001A, B1000000000000000000001B, B1000000000000000000001C,); path = SecondScreenMacHost; sourceTree = "<group>"; };
    B10000000000000000000032 = {isa = PBXGroup; children = (B10000000000000000000010,); name = Products; sourceTree = "<group>"; };
    B10000000000000000000033 = {isa = PBXGroup; children = (B10000000000000000000017, B10000000000000000000018, B10000000000000000000019, B1000000000000000000001D, B1000000000000000000001E,); name = Frameworks; sourceTree = "<group>"; };
/* End PBXGroup section */

/* Begin PBXNativeTarget section */
    B10000000000000000000040 = {isa = PBXNativeTarget; buildConfigurationList = B10000000000000000000050; buildPhases = (B10000000000000000000060, B10000000000000000000020,); buildRules = (); dependencies = (); name = SecondScreenMacHost; productName = SecondScreenMacHost; productReference = B10000000000000000000010; productType = "com.apple.product-type.application"; };
/* End PBXNativeTarget section */

/* Begin PBXProject section */
    B10000000000000000000041 = {isa = PBXProject; attributes = { LastUpgradeCheck = 1600; ORGANIZATIONNAME = Zoavintsoa; TargetAttributes = { B10000000000000000000040 = { CreatedOnToolsVersion = 16.0; }; }; }; buildConfigurationList = B10000000000000000000051; compatibilityVersion = "Xcode 14.0"; developmentRegion = en; hasScannedForEncodings = 0; knownRegions = (en,); mainGroup = B10000000000000000000030; productRefGroup = B10000000000000000000032; projectDirPath = ""; projectRoot = ""; targets = (B10000000000000000000040,); };
/* End PBXProject section */

/* Begin PBXSourcesBuildPhase section */
    B10000000000000000000060 = {isa = PBXSourcesBuildPhase; buildActionMask = 2147483647; files = (B10000000000000000000001, B10000000000000000000002, B10000000000000000000003, B10000000000000000000004, B10000000000000000000005, B10000000000000000000009,); runOnlyForDeploymentPostprocessing = 0; };
/* End PBXSourcesBuildPhase section */

/* Begin XCBuildConfiguration section */
    B10000000000000000000070 = {isa = XCBuildConfiguration; buildSettings = { ALWAYS_SEARCH_USER_PATHS = NO; CLANG_CXX_LANGUAGE_STANDARD = "gnu++20"; CODE_SIGNING_ALLOWED = NO; SWIFT_OBJC_BRIDGING_HEADER = "SecondScreenMacHost/SecondScreenMacHost-Bridging-Header.h"; INFOPLIST_FILE = SecondScreenMacHost/Info.plist; PRODUCT_BUNDLE_IDENTIFIER = com.zoavintsoa.secondscreen.machost; PRODUCT_NAME = "$(TARGET_NAME)"; SDKROOT = macosx; SWIFT_VERSION = 5.0; MACOSX_DEPLOYMENT_TARGET = 10.15; }; name = Debug; };
    B10000000000000000000071 = {isa = XCBuildConfiguration; buildSettings = { ALWAYS_SEARCH_USER_PATHS = NO; CLANG_CXX_LANGUAGE_STANDARD = "gnu++20"; CODE_SIGNING_ALLOWED = NO; INFOPLIST_FILE = SecondScreenMacHost/Info.plist; PRODUCT_BUNDLE_IDENTIFIER = com.zoavintsoa.secondscreen.machost; PRODUCT_NAME = "$(TARGET_NAME)"; SDKROOT = macosx; SWIFT_VERSION = 5.0; MACOSX_DEPLOYMENT_TARGET = 10.15; }; name = Release; };
    B10000000000000000000072 = {isa = XCBuildConfiguration; buildSettings = { CODE_SIGNING_ALLOWED = NO; }; name = Debug; };
    B10000000000000000000073 = {isa = XCBuildConfiguration; buildSettings = { CODE_SIGNING_ALLOWED = NO; }; name = Release; };
/* End XCBuildConfiguration section */

/* Begin XCConfigurationList section */
    B10000000000000000000050 = {isa = XCConfigurationList; buildConfigurations = (B10000000000000000000070, B10000000000000000000071,); defaultConfigurationIsVisible = 0; defaultConfigurationName = Release; };
    B10000000000000000000051 = {isa = XCConfigurationList; buildConfigurations = (B10000000000000000000072, B10000000000000000000073,); defaultConfigurationIsVisible = 0; defaultConfigurationName = Release; };
/* End XCConfigurationList section */
 };
 rootObject = B10000000000000000000041;
}
